
Microsoft Visual Studio Solution File, Format Version 12.00
# Visual Studio 15
VisualStudioVersion = 15.0.27703.2042
MinimumVisualStudioVersion = 10.0.40219.1
Project("{F184B08F-C81C-45F6-A57F-5ABD9991F28F}") = "Mem", "Mem\Mem.vbproj", "{C237C322-57FA-49AC-ACA0-D8E333935580}"
EndProject
Project("{F184B08F-C81C-45F6-A57F-5ABD9991F28F}") = "InfStructure", "InfStructure\InfStructure.vbproj", "{CE6905C3-4860-4BC3-971B-8EB37BFB5560}"
EndProject
Project("{F184B08F-C81C-45F6-A57F-5ABD9991F28F}") = "DBAccess", "DBAccess\DBAccess.vbproj", "{C37AF65E-ECD3-4074-97A9-F9D32A33E891}"
EndProject
Project("{F184B08F-C81C-45F6-A57F-5ABD9991F28F}") = "Model", "Model\Model.vbproj", "{0FCA591D-9B81-4206-8329-BF954D0225A6}"
EndProject
Global
	GlobalSection(SolutionConfigurationPlatforms) = preSolution
		Debug|Any CPU = Debug|Any CPU
		Release|Any CPU = Release|Any CPU
	EndGlobalSection
	GlobalSection(ProjectConfigurationPlatforms) = postSolution
		{C237C322-57FA-49AC-ACA0-D8E333935580}.Debug|Any CPU.ActiveCfg = Debug|Any CPU
		{C237C322-57FA-49AC-ACA0-D8E333935580}.Debug|Any CPU.Build.0 = Debug|Any CPU
		{C237C322-57FA-49AC-ACA0-D8E333935580}.Release|Any CPU.ActiveCfg = Release|Any CPU
		{C237C322-57FA-49AC-ACA0-D8E333935580}.Release|Any CPU.Build.0 = Release|Any CPU
		{CE6905C3-4860-4BC3-971B-8EB37BFB5560}.Debug|Any CPU.ActiveCfg = Debug|Any CPU
		{CE6905C3-4860-4BC3-971B-8EB37BFB5560}.Debug|Any CPU.Build.0 = Debug|Any CPU
		{CE6905C3-4860-4BC3-971B-8EB37BFB5560}.Release|Any CPU.ActiveCfg = Release|Any CPU
		{CE6905C3-4860-4BC3-971B-8EB37BFB5560}.Release|Any CPU.Build.0 = Release|Any CPU
		{C37AF65E-ECD3-4074-97A9-F9D32A33E891}.Debug|Any CPU.ActiveCfg = Debug|Any CPU
		{C37AF65E-ECD3-4074-97A9-F9D32A33E891}.Debug|Any CPU.Build.0 = Debug|Any CPU
		{C37AF65E-ECD3-4074-97A9-F9D32A33E891}.Release|Any CPU.ActiveCfg = Release|Any CPU
		{C37AF65E-ECD3-4074-97A9-F9D32A33E891}.Release|Any CPU.Build.0 = Release|Any CPU
		{0FCA591D-9B81-4206-8329-BF954D0225A6}.Debug|Any CPU.ActiveCfg = Debug|Any CPU
		{0FCA591D-9B81-4206-8329-BF954D0225A6}.Debug|Any CPU.Build.0 = Debug|Any CPU
		{0FCA591D-9B81-4206-8329-BF954D0225A6}.Release|Any CPU.ActiveCfg = Release|Any CPU
		{0FCA591D-9B81-4206-8329-BF954D0225A6}.Release|Any CPU.Build.0 = Release|Any CPU
	EndGlobalSection
	GlobalSection(SolutionProperties) = preSolution
		HideSolutionNode = FALSE
	EndGlobalSection
	GlobalSection(ExtensibilityGlobals) = postSolution
		SolutionGuid = {2B64D269-1C41-422B-9186-D68EC3F9CEE3}
	EndGlobalSection
EndGlobal
